// !$*UTF8*$!
{
	archiveVersion = 1;
	classes = {
	};
	objectVersion = 46;
	objects = {

/* Begin PBXBuildFile section */
		FB987D45198AF35500B3A765 /* main.m in Sources */ = {isa = PBXBuildFile; fileRef = FB987D44198AF35500B3A765 /* main.m */; };
		FB987D48198AF35500B3A765 /* AppDelegate.m in Sources */ = {isa = PBXBuildFile; fileRef = FB987D47198AF35500B3A765 /* AppDelegate.m */; };
		FB987D4A198AF35500B3A765 /* Images.xcassets in Resources */ = {isa = PBXBuildFile; fileRef = FB987D49198AF35500B3A765 /* Images.xcassets */; };
		FB987D56198AF35500B3A765 /* SelfSizingCellExampleTests.m in Sources */ = {isa = PBXBuildFile; fileRef = FB987D55198AF35500B3A765 /* SelfSizingCellExampleTests.m */; };
		FB987D62198AF37D00B3A765 /* MainViewController.m in Sources */ = {isa = PBXBuildFile; fileRef = FB987D60198AF37D00B3A765 /* MainViewController.m */; };
		FB987D63198AF37D00B3A765 /* MainViewController.xib in Resources */ = {isa = PBXBuildFile; fileRef = FB987D61198AF37D00B3A765 /* MainViewController.xib */; };
		FB987D67198AF48000B3A765 /* SelfSizingTableViewCell.m in Sources */ = {isa = PBXBuildFile; fileRef = FB987D65198AF48000B3A765 /* SelfSizingTableViewCell.m */; };
		FB987D68198AF48000B3A765 /* SelfSizingTableViewCell.xib in Resources */ = {isa = PBXBuildFile; fileRef = FB987D66198AF48000B3A765 /* SelfSizingTableViewCell.xib */; };
/* End PBXBuildFile section */

/* Begin PBXContainerItemProxy section */
		FB987D50198AF35500B3A765 /* PBXContainerItemProxy */ = {
			isa = PBXContainerItemProxy;
			containerPortal = FB987D37198AF35500B3A765 /* Project object */;
			proxyType = 1;
			remoteGlobalIDString = FB987D3E198AF35500B3A765;
			remoteInfo = SelfSizingCellExample;
		};
/* End PBXContainerItemProxy section */

/* Begin PBXFileReference section */
		FB987D3F198AF35500B3A765 /* SelfSizingCellExample.app */ = {isa = PBXFileReference; explicitFileType = wrapper.application; includeInIndex = 0; path = SelfSizingCellExample.app; sourceTree = BUILT_PRODUCTS_DIR; };
		FB987D43198AF35500B3A765 /* Info.plist */ = {isa = PBXFileReference; lastKnownFileType = text.plist.xml; path = Info.plist; sourceTree = "<group>"; };
		FB987D44198AF35500B3A765 /* main.m */ = {isa = PBXFileReference; lastKnownFileType = sourcecode.c.objc; path = main.m; sourceTree = "<group>"; };
		FB987D46198AF35500B3A765 /* AppDelegate.h */ = {isa = PBXFileReference; lastKnownFileType = sourcecode.c.h; path = AppDelegate.h; sourceTree = "<group>"; };
		FB987D47198AF35500B3A765 /* AppDelegate.m */ = {isa = PBXFileReference; lastKnownFileType = sourcecode.c.objc; path = AppDelegate.m; sourceTree = "<group>"; };
		FB987D49198AF35500B3A765 /* Images.xcassets */ = {isa = PBXFileReference; lastKnownFileType = folder.assetcatalog; path = Images.xcassets; sourceTree = "<group>"; };
		FB987D4F198AF35500B3A765 /* SelfSizingCellExampleTests.xctest */ = {isa = PBXFileReference; explicitFileType = wrapper.cfbundle; includeInIndex = 0; path = SelfSizingCellExampleTests.xctest; sourceTree = BUILT_PRODUCTS_DIR; };
		FB987D54198AF35500B3A765 /* Info.plist */ = {isa = PBXFileReference; lastKnownFileType = text.plist.xml; path = Info.plist; sourceTree = "<group>"; };
		FB987D55198AF35500B3A765 /* SelfSizingCellExampleTests.m */ = {isa = PBXFileReference; lastKnownFileType = sourcecode.c.objc; path = SelfSizingCellExampleTests.m; sourceTree = "<group>"; };
		FB987D5F198AF37D00B3A765 /* MainViewController.h */ = {isa = PBXFileReference; fileEncoding = 4; lastKnownFileType = sourcecode.c.h; path = MainViewController.h; sourceTree = "<group>"; };
		FB987D60198AF37D00B3A765 /* MainViewController.m */ = {isa = PBXFileReference; fileEncoding = 4; lastKnownFileType = sourcecode.c.objc; path = MainViewController.m; sourceTree = "<group>"; };
		FB987D61198AF37D00B3A765 /* MainViewController.xib */ = {isa = PBXFileReference; fileEncoding = 4; lastKnownFileType = file.xib; path = MainViewController.xib; sourceTree = "<group>"; };
		FB987D64198AF48000B3A765 /* SelfSizingTableViewCell.h */ = {isa = PBXFileReference; fileEncoding = 4; lastKnownFileType = sourcecode.c.h; path = SelfSizingTableViewCell.h; sourceTree = "<group>"; };
		FB987D65198AF48000B3A765 /* SelfSizingTableViewCell.m */ = {isa = PBXFileReference; fileEncoding = 4; lastKnownFileType = sourcecode.c.objc; path = SelfSizingTableViewCell.m; sourceTree = "<group>"; };
		FB987D66198AF48000B3A765 /* SelfSizingTableViewCell.xib */ = {isa = PBXFileReference; fileEncoding = 4; lastKnownFileType = file.xib; path = SelfSizingTableViewCell.xib; sourceTree = "<group>"; };
/* End PBXFileReference section */

/* Begin PBXFrameworksBuildPhase section */
		FB987D3C198AF35500B3A765 /* Frameworks */ = {
			isa = PBXFrameworksBuildPhase;
			buildActionMask = 2147483647;
			files = (
			);
			runOnlyForDeploymentPostprocessing = 0;
		};
		FB987D4C198AF35500B3A765 /* Frameworks */ = {
			isa = PBXFrameworksBuildPhase;
			buildActionMask = 2147483647;
			files = (
			);
			runOnlyForDeploymentPostprocessing = 0;
		};
/* End PBXFrameworksBuildPhase section */

/* Begin PBXGroup section */
		FB987D36198AF35500B3A765 = {
			isa = PBXGroup;
			children = (
				FB987D41198AF35500B3A765 /* SelfSizingCellExample */,
				FB987D52198AF35500B3A765 /* SelfSizingCellExampleTests */,
				FB987D40198AF35500B3A765 /* Products */,
			);
			sourceTree = "<group>";
		};
		FB987D40198AF35500B3A765 /* Products */ = {
			isa = PBXGroup;
			children = (
				FB987D3F198AF35500B3A765 /* SelfSizingCellExample.app */,
				FB987D4F198AF35500B3A765 /* SelfSizingCellExampleTests.xctest */,
			);
			name = Products;
			sourceTree = "<group>";
		};
		FB987D41198AF35500B3A765 /* SelfSizingCellExample */ = {
			isa = PBXGroup;
			children = (
				FB987D46198AF35500B3A765 /* AppDelegate.h */,
				FB987D47198AF35500B3A765 /* AppDelegate.m */,
				FB987D49198AF35500B3A765 /* Images.xcassets */,
				FB987D42198AF35500B3A765 /* Supporting Files */,
				FB987D5F198AF37D00B3A765 /* MainViewController.h */,
				FB987D60198AF37D00B3A765 /* MainViewController.m */,
				FB987D61198AF37D00B3A765 /* MainViewController.xib */,
				FB987D64198AF48000B3A765 /* SelfSizingTableViewCell.h */,
				FB987D65198AF48000B3A765 /* SelfSizingTableViewCell.m */,
				FB987D66198AF48000B3A765 /* SelfSizingTableViewCell.xib */,
			);
			path = SelfSizingCellExample;
			sourceTree = "<group>";
		};
		FB987D42198AF35500B3A765 /* Supporting Files */ = {
			isa = PBXGroup;
			children = (
				FB987D43198AF35500B3A765 /* Info.plist */,
				FB987D44198AF35500B3A765 /* main.m */,
			);
			name = "Supporting Files";
			sourceTree = "<group>";
		};
		FB987D52198AF35500B3A765 /* SelfSizingCellExampleTests */ = {
			isa = PBXGroup;
			children = (
				FB987D55198AF35500B3A765 /* SelfSizingCellExampleTests.m */,
				FB987D53198AF35500B3A765 /* Supporting Files */,
			);
			path = SelfSizingCellExampleTests;
			sourceTree = "<group>";
		};
		FB987D53198AF35500B3A765 /* Supporting Files */ = {
			isa = PBXGroup;
			children = (
				FB987D54198AF35500B3A765 /* Info.plist */,
			);
			name = "Supporting Files";
			sourceTree = "<group>";
		};
/* End PBXGroup section */

/* Begin PBXNativeTarget section */
		FB987D3E198AF35500B3A765 /* SelfSizingCellExample */ = {
			isa = PBXNativeTarget;
			buildConfigurationList = FB987D59198AF35500B3A765 /* Build configuration list for PBXNativeTarget "SelfSizingCellExample" */;
			buildPhases = (
				FB987D3B198AF35500B3A765 /* Sources */,
				FB987D3C198AF35500B3A765 /* Frameworks */,
				FB987D3D198AF35500B3A765 /* Resources */,
			);
			buildRules = (
			);
			dependencies = (
			);
			name = SelfSizingCellExample;
			productName = SelfSizingCellExample;
			productReference = FB987D3F198AF35500B3A765 /* SelfSizingCellExample.app */;
			productType = "com.apple.product-type.application";
		};
		FB987D4E198AF35500B3A765 /* SelfSizingCellExampleTests */ = {
			isa = PBXNativeTarget;
			buildConfigurationList = FB987D5C198AF35500B3A765 /* Build configuration list for PBXNativeTarget "SelfSizingCellExampleTests" */;
			buildPhases = (
				FB987D4B198AF35500B3A765 /* Sources */,
				FB987D4C198AF35500B3A765 /* Frameworks */,
				FB987D4D198AF35500B3A765 /* Resources */,
			);
			buildRules = (
			);
			dependencies = (
				FB987D51198AF35500B3A765 /* PBXTargetDependency */,
			);
			name = SelfSizingCellExampleTests;
			productName = SelfSizingCellExampleTests;
			productReference = FB987D4F198AF35500B3A765 /* SelfSizingCellExampleTests.xctest */;
			productType = "com.apple.product-type.bundle.unit-test";
		};
/* End PBXNativeTarget section */

/* Begin PBXProject section */
		FB987D37198AF35500B3A765 /* Project object */ = {
			isa = PBXProject;
			attributes = {
				LastUpgradeCheck = 0600;
				ORGANIZATIONNAME = "Kemal Kocabiyik";
				TargetAttributes = {
					FB987D3E198AF35500B3A765 = {
						CreatedOnToolsVersion = 6.0;
						DevelopmentTeam = 7VSEV4DX9Y;
					};
					FB987D4E198AF35500B3A765 = {
						CreatedOnToolsVersion = 6.0;
						TestTargetID = FB987D3E198AF35500B3A765;
					};
				};
			};
			buildConfigurationList = FB987D3A198AF35500B3A765 /* Build configuration list for PBXProject "SelfSizingCellExample" */;
			compatibilityVersion = "Xcode 3.2";
			developmentRegion = English;
			hasScannedForEncodings = 0;
			knownRegions = (
				en,
			);
			mainGroup = FB987D36198AF35500B3A765;
			productRefGroup = FB987D40198AF35500B3A765 /* Products */;
			projectDirPath = "";
			projectRoot = "";
			targets = (
				FB987D3E198AF35500B3A765 /* SelfSizingCellExample */,
				FB987D4E198AF35500B3A765 /* SelfSizingCellExampleTests */,
			);
		};
/* End PBXProject section */

/* Begin PBXResourcesBuildPhase section */
		FB987D3D198AF35500B3A765 /* Resources */ = {
			isa = PBXResourcesBuildPhase;
			buildActionMask = 2147483647;
			files = (
				FB987D4A198AF35500B3A765 /* Images.xcassets in Resources */,
				FB987D68198AF48000B3A765 /* SelfSizingTableViewCell.xib in Resources */,
				FB987D63198AF37D00B3A765 /* MainViewController.xib in Resources */,
			);
			runOnlyForDeploymentPostprocessing = 0;
		};
		FB987D4D198AF35500B3A765 /* Resources */ = {
			isa = PBXResourcesBuildPhase;
			buildActionMask = 2147483647;
			files = (
			);
			runOnlyForDeploymentPostprocessing = 0;
		};
/* End PBXResourcesBuildPhase section */

/* Begin PBXSourcesBuildPhase section */
		FB987D3B198AF35500B3A765 /* Sources */ = {
			isa = PBXSourcesBuildPhase;
			buildActionMask = 2147483647;
			files = (
				FB987D48198AF35500B3A765 /* AppDelegate.m in Sources */,
				FB987D67198AF48000B3A765 /* SelfSizingTableViewCell.m in Sources */,
				FB987D62198AF37D00B3A765 /* MainViewController.m in Sources */,
				FB987D45198AF35500B3A765 /* main.m in Sources */,
			);
			runOnlyForDeploymentPostprocessing = 0;
		};
		FB987D4B198AF35500B3A765 /* Sources */ = {
			isa = PBXSourcesBuildPhase;
			buildActionMask = 2147483647;
			files = (
				FB987D56198AF35500B3A765 /* SelfSizingCellExampleTests.m in Sources */,
			);
			runOnlyForDeploymentPostprocessing = 0;
		};
/* End PBXSourcesBuildPhase section */

/* Begin PBXTargetDependency section */
		FB987D51198AF35500B3A765 /* PBXTargetDependency */ = {
			isa = PBXTargetDependency;
			target = FB987D3E198AF35500B3A765 /* SelfSizingCellExample */;
			targetProxy = FB987D50198AF35500B3A765 /* PBXContainerItemProxy */;
		};
/* End PBXTargetDependency section */

/* Begin XCBuildConfiguration section */
		FB987D57198AF35500B3A765 /* Debug */ = {
			isa = XCBuildConfiguration;
			buildSettings = {
				ALWAYS_SEARCH_USER_PATHS = NO;
				CLANG_CXX_LANGUAGE_STANDARD = "gnu++0x";
				CLANG_CXX_LIBRARY = "libc++";
				CLANG_ENABLE_MODULES = YES;
				CLANG_ENABLE_OBJC_ARC = YES;
				CLANG_WARN_BOOL_CONVERSION = YES;
				CLANG_WARN_CONSTANT_CONVERSION = YES;
				CLANG_WARN_DIRECT_OBJC_ISA_USAGE = YES_ERROR;
				CLANG_WARN_EMPTY_BODY = YES;
				CLANG_WARN_ENUM_CONVERSION = YES;
				CLANG_WARN_INT_CONVERSION = YES;
				CLANG_WARN_OBJC_ROOT_CLASS = YES_ERROR;
				CLANG_WARN_UNREACHABLE_CODE = YES;
				CLANG_WARN__DUPLICATE_METHOD_MATCH = YES;
				"CODE_SIGN_IDENTITY[sdk=iphoneos*]" = "iPhone Developer: Kemal Kocabiyik (2352QEC6G4)";
				COPY_PHASE_STRIP = NO;
				ENABLE_STRICT_OBJC_MSGSEND = YES;
				GCC_C_LANGUAGE_STANDARD = gnu99;
				GCC_DYNAMIC_NO_PIC = NO;
				GCC_OPTIMIZATION_LEVEL = 0;
				GCC_PREPROCESSOR_DEFINITIONS = (
					"DEBUG=1",
					"$(inherited)",
				);
				GCC_SYMBOLS_PRIVATE_EXTERN = NO;
				GCC_WARN_64_TO_32_BIT_CONVERSION = YES;
				GCC_WARN_ABOUT_RETURN_TYPE = YES_ERROR;
				GCC_WARN_UNDECLARED_SELECTOR = YES;
				GCC_WARN_UNINITIALIZED_AUTOS = YES_AGGRESSIVE;
				GCC_WARN_UNUSED_FUNCTION = YES;
				GCC_WARN_UNUSED_VARIABLE = YES;
				IPHONEOS_DEPLOYMENT_TARGET = 8.0;
				METAL_ENABLE_DEBUG_INFO = YES;
				ONLY_ACTIVE_ARCH = YES;
				PROVISIONING_PROFILE = "82848441-36A1-4163-8C0E-65E02DF29D41";
				SDKROOT = iphoneos;
			};
			name = Debug;
		};
		FB987D58198AF35500B3A765 /* Release */ = {
			isa = XCBuildConfiguration;
			buildSettings = {
				ALWAYS_SEARCH_USER_PATHS = NO;
				CLANG_CXX_LANGUAGE_STANDARD = "gnu++0x";
				CLANG_CXX_LIBRARY = "libc++";
				CLANG_ENABLE_MODULES = YES;
				CLANG_ENABLE_OBJC_ARC = YES;
				CLANG_WARN_BOOL_CONVERSION = YES;
				CLANG_WARN_CONSTANT_CONVERSION = YES;
				CLANG_WARN_DIRECT_OBJC_ISA_USAGE = YES_ERROR;
				CLANG_WARN_EMPTY_BODY = YES;
				CLANG_WARN_ENUM_CONVERSION = YES;
				CLANG_WARN_INT_CONVERSION = YES;
				CLANG_WARN_OBJC_ROOT_CLASS = YES_ERROR;
				CLANG_WARN_UNREACHABLE_CODE = YES;
				CLANG_WARN__DUPLICATE_METHOD_MATCH = YES;
				"CODE_SIGN_IDENTITY[sdk=iphoneos*]" = "iPhone Developer";
				COPY_PHASE_STRIP = YES;
				ENABLE_NS_ASSERTIONS = NO;
				ENABLE_STRICT_OBJC_MSGSEND = YES;
				GCC_C_LANGUAGE_STANDARD = gnu99;
				GCC_WARN_64_TO_32_BIT_CONVERSION = YES;
				GCC_WARN_ABOUT_RETURN_TYPE = YES_ERROR;
				GCC_WARN_UNDECLARED_SELECTOR = YES;
				GCC_WARN_UNINITIALIZED_AUTOS = YES_AGGRESSIVE;
				GCC_WARN_UNUSED_FUNCTION = YES;
				GCC_WARN_UNUSED_VARIABLE = YES;
				IPHONEOS_DEPLOYMENT_TARGET = 8.0;
				METAL_ENABLE_DEBUG_INFO = NO;
				PROVISIONING_PROFILE = "82848441-36A1-4163-8C0E-65E02DF29D41";
				SDKROOT = iphoneos;
				VALIDATE_PRODUCT = YES;
			};
			name = Release;
		};
		FB987D5A198AF35500B3A765 /* Debug */ = {
			isa = XCBuildConfiguration;
			buildSettings = {
				ASSETCATALOG_COMPILER_APPICON_NAME = AppIcon;
				ASSETCATALOG_COMPILER_LAUNCHIMAGE_NAME = LaunchImage;
				CODE_SIGN_IDENTITY = "iPhone Developer";
				"CODE_SIGN_IDENTITY[sdk=iphoneos*]" = "iPhone Developer: Kemal Kocabiyik (2352QEC6G4)";
				INFOPLIST_FILE = SelfSizingCellExample/Info.plist;
				LD_RUNPATH_SEARCH_PATHS = "$(inherited) @executable_path/Frameworks";
				PRODUCT_NAME = "$(TARGET_NAME)";
				PROVISIONING_PROFILE = "";
			};
			name = Debug;
		};
		FB987D5B198AF35500B3A765 /* Release */ = {
			isa = XCBuildConfiguration;
			buildSettings = {
				ASSETCATALOG_COMPILER_APPICON_NAME = AppIcon;
				ASSETCATALOG_COMPILER_LAUNCHIMAGE_NAME = LaunchImage;
				CODE_SIGN_IDENTITY = "iPhone Developer";
				"CODE_SIGN_IDENTITY[sdk=iphoneos*]" = "iPhone Developer";
				INFOPLIST_FILE = SelfSizingCellExample/Info.plist;
				LD_RUNPATH_SEARCH_PATHS = "$(inherited) @executable_path/Frameworks";
				PRODUCT_NAME = "$(TARGET_NAME)";
				PROVISIONING_PROFILE = "";
			};
			name = Release;
		};
		FB987D5D198AF35500B3A765 /* Debug */ = {
			isa = XCBuildConfiguration;
			buildSettings = {
				BUNDLE_LOADER = "$(BUILT_PRODUCTS_DIR)/SelfSizingCellExample.app/SelfSizingCellExample";
				FRAMEWORK_SEARCH_PATHS = (
					"$(SDKROOT)/Developer/Library/Frameworks",
					"$(inherited)",
				);
				GCC_PREPROCESSOR_DEFINITIONS = (
					"DEBUG=1",
					"$(inherited)",
				);
				INFOPLIST_FILE = SelfSizingCellExampleTests/Info.plist;
				LD_RUNPATH_SEARCH_PATHS = "$(inherited) @executable_path/Frameworks @loader_path/Frameworks";
				METAL_ENABLE_DEBUG_INFO = YES;
				PRODUCT_NAME = "$(TARGET_NAME)";
				TEST_HOST = "$(BUNDLE_LOADER)";
			};
			name = Debug;
		};
		FB987D5E198AF35500B3A765 /* Release */ = {
			isa = XCBuildConfiguration;
			buildSettings = {
				BUNDLE_LOADER = "$(BUILT_PRODUCTS_DIR)/SelfSizingCellExample.app/SelfSizingCellExample";
				FRAMEWORK_SEARCH_PATHS = (
					"$(SDKROOT)/Developer/Library/Frameworks",
					"$(inherited)",
				);
				INFOPLIST_FILE = SelfSizingCellExampleTests/Info.plist;
				LD_RUNPATH_SEARCH_PATHS = "$(inherited) @executable_path/Frameworks @loader_path/Frameworks";
				METAL_ENABLE_DEBUG_INFO = NO;
				PRODUCT_NAME = "$(TARGET_NAME)";
				TEST_HOST = "$(BUNDLE_LOADER)";
			};
			name = Release;
		};
/* End XCBuildConfiguration section */

/* Begin XCConfigurationList section */
		FB987D3A198AF35500B3A765 /* Build configuration list for PBXProject "SelfSizingCellExample" */ = {
			isa = XCConfigurationList;
			buildConfigurations = (
				FB987D57198AF35500B3A765 /* Debug */,
				FB987D58198AF35500B3A765 /* Release */,
			);
			defaultConfigurationIsVisible = 0;
			defaultConfigurationName = Release;
		};
		FB987D59198AF35500B3A765 /* Build configuration list for PBXNativeTarget "SelfSizingCellExample" */ = {
			isa = XCConfigurationList;
			buildConfigurations = (
				FB987D5A198AF35500B3A765 /* Debug */,
				FB987D5B198AF35500B3A765 /* Release */,
			);
			defaultConfigurationIsVisible = 0;
		};
		FB987D5C198AF35500B3A765 /* Build configuration list for PBXNativeTarget "SelfSizingCellExampleTests" */ = {
			isa = XCConfigurationList;
			buildConfigurations = (
				FB987D5D198AF35500B3A765 /* Debug */,
				FB987D5E198AF35500B3A765 /* Release */,
			);
			defaultConfigurationIsVisible = 0;
		};
/* End XCConfigurationList section */
	};
	rootObject = FB987D37198AF35500B3A765 /* Project object */;
}
